
Microsoft Visual Studio Solution File, Format Version 12.00
# Visual Studio Version 17
VisualStudioVersion = 17.14.36603.0 d17.14
MinimumVisualStudioVersion = 10.0.40219.1
Project("{FAE04EC0-301F-11D3-BF4B-00C04F79EFBC}") = "LabelPrintingLIS", "LabelPrintingLIS.csproj", "{550E7C22-31C7-425B-8808-BB7ACE1567C1}"
EndProject
Global
	GlobalSection(SolutionConfigurationPlatforms) = preSolution
		Debug|Any CPU = Debug|Any CPU
		Release|Any CPU = Release|Any CPU
	EndGlobalSection
	GlobalSection(ProjectConfigurationPlatforms) = postSolution
		{550E7C22-31C7-425B-8808-BB7ACE1567C1}.Debug|Any CPU.ActiveCfg = Debug|Any CPU
		{550E7C22-31C7-425B-8808-BB7ACE1567C1}.Debug|Any CPU.Build.0 = Debug|Any CPU
		{550E7C22-31C7-425B-8808-BB7ACE1567C1}.Release|Any CPU.ActiveCfg = Release|Any CPU
		{550E7C22-31C7-425B-8808-BB7ACE1567C1}.Release|Any CPU.Build.0 = Release|Any CPU
	EndGlobalSection
	GlobalSection(SolutionProperties) = preSolution
		HideSolutionNode = FALSE
	EndGlobalSection
	GlobalSection(ExtensibilityGlobals) = postSolution
		SolutionGuid = {FC8121F9-971F-4A56-B325-636B1DB4ED15}
	EndGlobalSection
EndGlobal
